
Microsoft Visual Studio Solution File, Format Version 12.00
# Visual Studio 15
VisualStudioVersion = 15.0.27703.2000
MinimumVisualStudioVersion = 10.0.40219.1
Project("{FAE04EC0-301F-11D3-BF4B-00C04F79EFBC}") = "SEDC.Erastaurant.Data", "SEDC.Erastaurant.Data1\SEDC.Erastaurant.Data.csproj", "{B48E722A-1AAB-45BC-B704-EA02E4104545}"
EndProject
Project("{FAE04EC0-301F-11D3-BF4B-00C04F79EFBC}") = "SEDC.ERestaurant", "SEDC.ERestaurant1\SEDC.ERestaurant.csproj", "{C4FC131C-BB68-42EC-A2FA-A3DBABFA3E36}"
EndProject
Global
	GlobalSection(SolutionConfigurationPlatforms) = preSolution
		Debug|Any CPU = Debug|Any CPU
		Release|Any CPU = Release|Any CPU
	EndGlobalSection
	GlobalSection(ProjectConfigurationPlatforms) = postSolution
		{B48E722A-1AAB-45BC-B704-EA02E4104545}.Debug|Any CPU.ActiveCfg = Debug|Any CPU
		{B48E722A-1AAB-45BC-B704-EA02E4104545}.Debug|Any CPU.Build.0 = Debug|Any CPU
		{B48E722A-1AAB-45BC-B704-EA02E4104545}.Release|Any CPU.ActiveCfg = Release|Any CPU
		{B48E722A-1AAB-45BC-B704-EA02E4104545}.Release|Any CPU.Build.0 = Release|Any CPU
		{C4FC131C-BB68-42EC-A2FA-A3DBABFA3E36}.Debug|Any CPU.ActiveCfg = Debug|Any CPU
		{C4FC131C-BB68-42EC-A2FA-A3DBABFA3E36}.Debug|Any CPU.Build.0 = Debug|Any CPU
		{C4FC131C-BB68-42EC-A2FA-A3DBABFA3E36}.Release|Any CPU.ActiveCfg = Release|Any CPU
		{C4FC131C-BB68-42EC-A2FA-A3DBABFA3E36}.Release|Any CPU.Build.0 = Release|Any CPU
	EndGlobalSection
	GlobalSection(SolutionProperties) = preSolution
		HideSolutionNode = FALSE
	EndGlobalSection
	GlobalSection(ExtensibilityGlobals) = postSolution
		SolutionGuid = {87C56D8B-785E-4C4D-832B-4527C2481E58}
	EndGlobalSection
EndGlobal
